
Microsoft Visual Studio Solution File, Format Version 12.00
# Visual Studio Version 17
VisualStudioVersion = 17.10.35013.160
MinimumVisualStudioVersion = 10.0.40219.1
Project("{FAE04EC0-301F-11D3-BF4B-00C04F79EFBC}") = "CottonLibrary", "CottonLibrary.csproj", "{DB368F03-1305-4E84-93AC-08E9A87EEE5E}"
EndProject
Project("{FAE04EC0-301F-11D3-BF4B-00C04F79EFBC}") = "CottonModTest", "TestMod\CottonModTest.csproj", "{35140AFF-487C-4D52-9E45-DA3D98039D99}"
EndProject
Project("{FAE04EC0-301F-11D3-BF4B-00C04F79EFBC}") = "PureLargosSR2", "PureLargosSR2\PureLargosSR2.csproj", "{20A89B1A-8DFD-4696-88AB-73D9016B648A}"
EndProject
Global
	GlobalSection(SolutionConfigurationPlatforms) = preSolution
		Debug|Any CPU = Debug|Any CPU
		Release|Any CPU = Release|Any CPU
	EndGlobalSection
	GlobalSection(ProjectConfigurationPlatforms) = postSolution
		{DB368F03-1305-4E84-93AC-08E9A87EEE5E}.Debug|Any CPU.ActiveCfg = Debug|Any CPU
		{DB368F03-1305-4E84-93AC-08E9A87EEE5E}.Debug|Any CPU.Build.0 = Debug|Any CPU
		{DB368F03-1305-4E84-93AC-08E9A87EEE5E}.Release|Any CPU.ActiveCfg = Release|Any CPU
		{DB368F03-1305-4E84-93AC-08E9A87EEE5E}.Release|Any CPU.Build.0 = Release|Any CPU
		{35140AFF-487C-4D52-9E45-DA3D98039D99}.Debug|Any CPU.ActiveCfg = Debug|Any CPU
		{35140AFF-487C-4D52-9E45-DA3D98039D99}.Debug|Any CPU.Build.0 = Debug|Any CPU
		{35140AFF-487C-4D52-9E45-DA3D98039D99}.Release|Any CPU.ActiveCfg = Release|Any CPU
		{35140AFF-487C-4D52-9E45-DA3D98039D99}.Release|Any CPU.Build.0 = Release|Any CPU
		{20A89B1A-8DFD-4696-88AB-73D9016B648A}.Debug|Any CPU.ActiveCfg = Debug|Any CPU
		{20A89B1A-8DFD-4696-88AB-73D9016B648A}.Debug|Any CPU.Build.0 = Debug|Any CPU
		{20A89B1A-8DFD-4696-88AB-73D9016B648A}.Release|Any CPU.ActiveCfg = Release|Any CPU
		{20A89B1A-8DFD-4696-88AB-73D9016B648A}.Release|Any CPU.Build.0 = Release|Any CPU
	EndGlobalSection
	GlobalSection(SolutionProperties) = preSolution
		HideSolutionNode = FALSE
	EndGlobalSection
	GlobalSection(ExtensibilityGlobals) = postSolution
		SolutionGuid = {33C3ECAD-D454-4505-893F-ED2F4725A5B9}
	EndGlobalSection
EndGlobal
